
Microsoft Visual Studio Solution File, Format Version 12.00
# Visual Studio Version 16
VisualStudioVersion = 16.0.30309.148
MinimumVisualStudioVersion = 10.0.40219.1
Project("{2150E333-8FDC-42A3-9474-1A3956D46DE8}") = "Application", "Application", "{AC72AC87-24F5-4AE3-BF99-271E2695A047}"
EndProject
Project("{2150E333-8FDC-42A3-9474-1A3956D46DE8}") = "Domain", "Domain", "{224EC83F-AADD-4C75-BBDA-69448FB043AE}"
EndProject
Project("{2150E333-8FDC-42A3-9474-1A3956D46DE8}") = "Infra.IoC", "Infra.IoC", "{0C1A17F9-2BA5-45CC-8736-169427F4E15C}"
EndProject
Project("{2150E333-8FDC-42A3-9474-1A3956D46DE8}") = "Infra.Data", "Infra.Data", "{9874712C-6F39-47D4-BFE2-0CFB41AF8BA7}"
EndProject
Project("{2150E333-8FDC-42A3-9474-1A3956D46DE8}") = "Presentation", "Presentation", "{A07231B2-1610-4066-90A5-19ED76CD4102}"
EndProject
Project("{9A19103F-16F7-4668-BE54-9A1E7A4F7556}") = "CleanArch.Mvc", "CleanArch.Mvc\CleanArch.Mvc.csproj", "{5D0C3588-C7C9-4754-B4D2-3E51F0A0318D}"
EndProject
Project("{9A19103F-16F7-4668-BE54-9A1E7A4F7556}") = "CleanArch.Domain", "CleanArch.Domain\CleanArch.Domain.csproj", "{4422962A-6900-4E90-9690-DD956B2F21C1}"
EndProject
Project("{9A19103F-16F7-4668-BE54-9A1E7A4F7556}") = "CleanArch.Infra.Data", "CleanArch.Infra.Data\CleanArch.Infra.Data.csproj", "{B3B8A9B5-C04A-4BD1-AD41-32ABA1D4F719}"
EndProject
Project("{9A19103F-16F7-4668-BE54-9A1E7A4F7556}") = "CleanArch.Application", "CleanArch.Application\CleanArch.Application.csproj", "{D6B17ADA-7CDF-4F9C-BFAB-1C365132034F}"
EndProject
Project("{9A19103F-16F7-4668-BE54-9A1E7A4F7556}") = "CleanArc.Infra.IoC", "CleanArc.Infra.IoC\CleanArc.Infra.IoC.csproj", "{F3D8A458-0271-4430-82E3-D0E9E3FEC8D4}"
EndProject
Project("{2150E333-8FDC-42A3-9474-1A3956D46DE8}") = "Infra.Bus", "Infra.Bus", "{86A8C7B2-E5DF-43A3-BA80-872E66902FA1}"
EndProject
Project("{2150E333-8FDC-42A3-9474-1A3956D46DE8}") = "Api", "Api", "{A7DFA796-34B1-4291-A388-BCF9568CBA17}"
EndProject
Project("{FAE04EC0-301F-11D3-BF4B-00C04F79EFBC}") = "CleanArch.Infra.Bus", "CleanArch.Infra.Bus\CleanArch.Infra.Bus.csproj", "{A9CBC0B6-65DA-4657-8719-475819B2C978}"
EndProject
Global
	GlobalSection(SolutionConfigurationPlatforms) = preSolution
		Debug|Any CPU = Debug|Any CPU
		Release|Any CPU = Release|Any CPU
	EndGlobalSection
	GlobalSection(ProjectConfigurationPlatforms) = postSolution
		{5D0C3588-C7C9-4754-B4D2-3E51F0A0318D}.Debug|Any CPU.ActiveCfg = Debug|Any CPU
		{5D0C3588-C7C9-4754-B4D2-3E51F0A0318D}.Debug|Any CPU.Build.0 = Debug|Any CPU
		{5D0C3588-C7C9-4754-B4D2-3E51F0A0318D}.Release|Any CPU.ActiveCfg = Release|Any CPU
		{5D0C3588-C7C9-4754-B4D2-3E51F0A0318D}.Release|Any CPU.Build.0 = Release|Any CPU
		{4422962A-6900-4E90-9690-DD956B2F21C1}.Debug|Any CPU.ActiveCfg = Debug|Any CPU
		{4422962A-6900-4E90-9690-DD956B2F21C1}.Debug|Any CPU.Build.0 = Debug|Any CPU
		{4422962A-6900-4E90-9690-DD956B2F21C1}.Release|Any CPU.ActiveCfg = Release|Any CPU
		{4422962A-6900-4E90-9690-DD956B2F21C1}.Release|Any CPU.Build.0 = Release|Any CPU
		{B3B8A9B5-C04A-4BD1-AD41-32ABA1D4F719}.Debug|Any CPU.ActiveCfg = Debug|Any CPU
		{B3B8A9B5-C04A-4BD1-AD41-32ABA1D4F719}.Debug|Any CPU.Build.0 = Debug|Any CPU
		{B3B8A9B5-C04A-4BD1-AD41-32ABA1D4F719}.Release|Any CPU.ActiveCfg = Release|Any CPU
		{B3B8A9B5-C04A-4BD1-AD41-32ABA1D4F719}.Release|Any CPU.Build.0 = Release|Any CPU
		{D6B17ADA-7CDF-4F9C-BFAB-1C365132034F}.Debug|Any CPU.ActiveCfg = Debug|Any CPU
		{D6B17ADA-7CDF-4F9C-BFAB-1C365132034F}.Debug|Any CPU.Build.0 = Debug|Any CPU
		{D6B17ADA-7CDF-4F9C-BFAB-1C365132034F}.Release|Any CPU.ActiveCfg = Release|Any CPU
		{D6B17ADA-7CDF-4F9C-BFAB-1C365132034F}.Release|Any CPU.Build.0 = Release|Any CPU
		{F3D8A458-0271-4430-82E3-D0E9E3FEC8D4}.Debug|Any CPU.ActiveCfg = Debug|Any CPU
		{F3D8A458-0271-4430-82E3-D0E9E3FEC8D4}.Debug|Any CPU.Build.0 = Debug|Any CPU
		{F3D8A458-0271-4430-82E3-D0E9E3FEC8D4}.Release|Any CPU.ActiveCfg = Release|Any CPU
		{F3D8A458-0271-4430-82E3-D0E9E3FEC8D4}.Release|Any CPU.Build.0 = Release|Any CPU
		{A9CBC0B6-65DA-4657-8719-475819B2C978}.Debug|Any CPU.ActiveCfg = Debug|Any CPU
		{A9CBC0B6-65DA-4657-8719-475819B2C978}.Debug|Any CPU.Build.0 = Debug|Any CPU
		{A9CBC0B6-65DA-4657-8719-475819B2C978}.Release|Any CPU.ActiveCfg = Release|Any CPU
		{A9CBC0B6-65DA-4657-8719-475819B2C978}.Release|Any CPU.Build.0 = Release|Any CPU
	EndGlobalSection
	GlobalSection(SolutionProperties) = preSolution
		HideSolutionNode = FALSE
	EndGlobalSection
	GlobalSection(NestedProjects) = preSolution
		{5D0C3588-C7C9-4754-B4D2-3E51F0A0318D} = {A07231B2-1610-4066-90A5-19ED76CD4102}
		{4422962A-6900-4E90-9690-DD956B2F21C1} = {224EC83F-AADD-4C75-BBDA-69448FB043AE}
		{B3B8A9B5-C04A-4BD1-AD41-32ABA1D4F719} = {9874712C-6F39-47D4-BFE2-0CFB41AF8BA7}
		{D6B17ADA-7CDF-4F9C-BFAB-1C365132034F} = {AC72AC87-24F5-4AE3-BF99-271E2695A047}
		{F3D8A458-0271-4430-82E3-D0E9E3FEC8D4} = {0C1A17F9-2BA5-45CC-8736-169427F4E15C}
		{A9CBC0B6-65DA-4657-8719-475819B2C978} = {86A8C7B2-E5DF-43A3-BA80-872E66902FA1}
	EndGlobalSection
	GlobalSection(ExtensibilityGlobals) = postSolution
		SolutionGuid = {25B105CA-10A4-411D-B822-20F6239B8622}
	EndGlobalSection
EndGlobal
